Microsoft Visual Studio Solution File, Format Version 12.00
# Visual Studio Version 17
VisualStudioVersion = 17.5.2.0
MinimumVisualStudioVersion = 10.0.40219.1
Project("{FAE04EC0-301F-11D3-BF4B-00C04F79EFBC}") = "greptile_with_custom_context_file_greptile.json", "greptile_with_custom_context_file_greptile.json.csproj", "{3398C730-825B-71C1-9681-C9BAF994E96A}"
EndProject
Global
	GlobalSection(SolutionConfigurationPlatforms) = preSolution
		Debug|Any CPU = Debug|Any CPU
		Release|Any CPU = Release|Any CPU
	EndGlobalSection
	GlobalSection(ProjectConfigurationPlatforms) = postSolution
		{3398C730-825B-71C1-9681-C9BAF994E96A}.Debug|Any CPU.ActiveCfg = Debug|Any CPU
		{3398C730-825B-71C1-9681-C9BAF994E96A}.Debug|Any CPU.Build.0 = Debug|Any CPU
		{3398C730-825B-71C1-9681-C9BAF994E96A}.Release|Any CPU.ActiveCfg = Release|Any CPU
		{3398C730-825B-71C1-9681-C9BAF994E96A}.Release|Any CPU.Build.0 = Release|Any CPU
	EndGlobalSection
	GlobalSection(SolutionProperties) = preSolution
		HideSolutionNode = FALSE
	EndGlobalSection
	GlobalSection(ExtensibilityGlobals) = postSolution
		SolutionGuid = {B2EB383B-F958-4F58-A8A9-6B8B74C0571F}
	EndGlobalSection
EndGlobal
